
Microsoft Visual Studio Solution File, Format Version 12.00
# Visual Studio Version 17
VisualStudioVersion = 17.4.33213.308
MinimumVisualStudioVersion = 10.0.40219.1
Project("{FAE04EC0-301F-11D3-BF4B-00C04F79EFBC}") = "CloudCustomers", "CloudCustomers\CloudCustomers.csproj", "{095E9265-1B11-42A6-BFE8-F848E07E007D}"
EndProject
Project("{FAE04EC0-301F-11D3-BF4B-00C04F79EFBC}") = "CloudCostumersUnitTest", "CloudCostumersUnitTest\CloudCostumersUnitTest.csproj", "{4162C145-F85A-4FF9-96DD-E41B2884D61A}"
EndProject
Global
	GlobalSection(SolutionConfigurationPlatforms) = preSolution
		Debug|Any CPU = Debug|Any CPU
		Release|Any CPU = Release|Any CPU
	EndGlobalSection
	GlobalSection(ProjectConfigurationPlatforms) = postSolution
		{095E9265-1B11-42A6-BFE8-F848E07E007D}.Debug|Any CPU.ActiveCfg = Debug|Any CPU
		{095E9265-1B11-42A6-BFE8-F848E07E007D}.Debug|Any CPU.Build.0 = Debug|Any CPU
		{095E9265-1B11-42A6-BFE8-F848E07E007D}.Release|Any CPU.ActiveCfg = Release|Any CPU
		{095E9265-1B11-42A6-BFE8-F848E07E007D}.Release|Any CPU.Build.0 = Release|Any CPU
		{4162C145-F85A-4FF9-96DD-E41B2884D61A}.Debug|Any CPU.ActiveCfg = Debug|Any CPU
		{4162C145-F85A-4FF9-96DD-E41B2884D61A}.Debug|Any CPU.Build.0 = Debug|Any CPU
		{4162C145-F85A-4FF9-96DD-E41B2884D61A}.Release|Any CPU.ActiveCfg = Release|Any CPU
		{4162C145-F85A-4FF9-96DD-E41B2884D61A}.Release|Any CPU.Build.0 = Release|Any CPU
	EndGlobalSection
	GlobalSection(SolutionProperties) = preSolution
		HideSolutionNode = FALSE
	EndGlobalSection
	GlobalSection(ExtensibilityGlobals) = postSolution
		SolutionGuid = {7E3A0561-8203-447D-9FF7-E4E486F94965}
	EndGlobalSection
EndGlobal
